
Microsoft Visual Studio Solution File, Format Version 12.00
# Visual Studio Version 16
VisualStudioVersion = 16.0.29911.84
MinimumVisualStudioVersion = 10.0.40219.1
Project("{FAE04EC0-301F-11D3-BF4B-00C04F79EFBC}") = "GazaEmgCore2", "GazaEmgCore2\GazaEmgCore2.csproj", "{4D0E71C2-A1F2-4B82-B066-83AF437E3AB9}"
EndProject
Global
	GlobalSection(SolutionConfigurationPlatforms) = preSolution
		Debug|Any CPU = Debug|Any CPU
		Release|Any CPU = Release|Any CPU
	EndGlobalSection
	GlobalSection(ProjectConfigurationPlatforms) = postSolution
		{4D0E71C2-A1F2-4B82-B066-83AF437E3AB9}.Debug|Any CPU.ActiveCfg = Debug|Any CPU
		{4D0E71C2-A1F2-4B82-B066-83AF437E3AB9}.Debug|Any CPU.Build.0 = Debug|Any CPU
		{4D0E71C2-A1F2-4B82-B066-83AF437E3AB9}.Release|Any CPU.ActiveCfg = Release|Any CPU
		{4D0E71C2-A1F2-4B82-B066-83AF437E3AB9}.Release|Any CPU.Build.0 = Release|Any CPU
	EndGlobalSection
	GlobalSection(SolutionProperties) = preSolution
		HideSolutionNode = FALSE
	EndGlobalSection
	GlobalSection(ExtensibilityGlobals) = postSolution
		SolutionGuid = {39A8A28E-4680-46BE-B36D-6B663EC9BF3A}
	EndGlobalSection
EndGlobal
